
Microsoft Visual Studio Solution File, Format Version 12.00
# Visual Studio Version 17
VisualStudioVersion = 17.8.34511.84
MinimumVisualStudioVersion = 10.0.40219.1
Project("{FAE04EC0-301F-11D3-BF4B-00C04F79EFBC}") = "지역 검색 및 위치 확인", "지역 검색 및 위치 확인\지역 검색 및 위치 확인.csproj", "{C4502CFC-677C-444C-9987-CB6752AA9C4C}"
EndProject
Project("{FAE04EC0-301F-11D3-BF4B-00C04F79EFBC}") = "경로 탐색", "경로 탐색\경로 탐색.csproj", "{5B9FE86F-DBCE-4C97-AC12-620EC31DD0B6}"
EndProject
Project("{FAE04EC0-301F-11D3-BF4B-00C04F79EFBC}") = "경로 찾기", "경로 찾기\경로 찾기.csproj", "{17DF4538-E916-44CC-8DC2-4229489F7C79}"
EndProject
Global
	GlobalSection(SolutionConfigurationPlatforms) = preSolution
		Debug|Any CPU = Debug|Any CPU
		Release|Any CPU = Release|Any CPU
	EndGlobalSection
	GlobalSection(ProjectConfigurationPlatforms) = postSolution
		{C4502CFC-677C-444C-9987-CB6752AA9C4C}.Debug|Any CPU.ActiveCfg = Debug|Any CPU
		{C4502CFC-677C-444C-9987-CB6752AA9C4C}.Debug|Any CPU.Build.0 = Debug|Any CPU
		{C4502CFC-677C-444C-9987-CB6752AA9C4C}.Release|Any CPU.ActiveCfg = Release|Any CPU
		{C4502CFC-677C-444C-9987-CB6752AA9C4C}.Release|Any CPU.Build.0 = Release|Any CPU
		{5B9FE86F-DBCE-4C97-AC12-620EC31DD0B6}.Debug|Any CPU.ActiveCfg = Debug|Any CPU
		{5B9FE86F-DBCE-4C97-AC12-620EC31DD0B6}.Debug|Any CPU.Build.0 = Debug|Any CPU
		{5B9FE86F-DBCE-4C97-AC12-620EC31DD0B6}.Release|Any CPU.ActiveCfg = Release|Any CPU
		{5B9FE86F-DBCE-4C97-AC12-620EC31DD0B6}.Release|Any CPU.Build.0 = Release|Any CPU
		{17DF4538-E916-44CC-8DC2-4229489F7C79}.Debug|Any CPU.ActiveCfg = Debug|Any CPU
		{17DF4538-E916-44CC-8DC2-4229489F7C79}.Debug|Any CPU.Build.0 = Debug|Any CPU
		{17DF4538-E916-44CC-8DC2-4229489F7C79}.Release|Any CPU.ActiveCfg = Release|Any CPU
		{17DF4538-E916-44CC-8DC2-4229489F7C79}.Release|Any CPU.Build.0 = Release|Any CPU
	EndGlobalSection
	GlobalSection(SolutionProperties) = preSolution
		HideSolutionNode = FALSE
	EndGlobalSection
	GlobalSection(ExtensibilityGlobals) = postSolution
		SolutionGuid = {4C766F84-9DF5-4DCB-8829-F6A73C9B7D5E}
	EndGlobalSection
EndGlobal
